// !$*UTF8*$!
{
	archiveVersion = 1;
	classes = {
	};
	objectVersion = 46;
	objects = {

/* Begin PBXBuildFile section */
		3406506B1ADDF8FF00C90CBB /* AppDelegate.swift in Sources */ = {isa = PBXBuildFile; fileRef = 3406506A1ADDF8FF00C90CBB /* AppDelegate.swift */; };
		3406506E1ADDF8FF00C90CBB /* EvesCRM.xcdatamodeld in Sources */ = {isa = PBXBuildFile; fileRef = 3406506C1ADDF8FF00C90CBB /* EvesCRM.xcdatamodeld */; };
		340650701ADDF8FF00C90CBB /* ViewController.swift in Sources */ = {isa = PBXBuildFile; fileRef = 3406506F1ADDF8FF00C90CBB /* ViewController.swift */; };
		340650731ADDF8FF00C90CBB /* Main.storyboard in Resources */ = {isa = PBXBuildFile; fileRef = 340650711ADDF8FF00C90CBB /* Main.storyboard */; };
		340650751ADDF8FF00C90CBB /* Images.xcassets in Resources */ = {isa = PBXBuildFile; fileRef = 340650741ADDF8FF00C90CBB /* Images.xcassets */; };
		340650781ADDF8FF00C90CBB /* LaunchScreen.xib in Resources */ = {isa = PBXBuildFile; fileRef = 340650761ADDF8FF00C90CBB /* LaunchScreen.xib */; };
		340650841ADDF8FF00C90CBB /* EvesCRMTests.swift in Sources */ = {isa = PBXBuildFile; fileRef = 340650831ADDF8FF00C90CBB /* EvesCRMTests.swift */; };
		3406508F1ADDF93600C90CBB /* AddressBook.framework in Frameworks */ = {isa = PBXBuildFile; fileRef = 3406508D1ADDF93600C90CBB /* AddressBook.framework */; settings = {ATTRIBUTES = (Required, ); }; };
		340650901ADDF93600C90CBB /* AddressBookUI.framework in Frameworks */ = {isa = PBXBuildFile; fileRef = 3406508E1ADDF93600C90CBB /* AddressBookUI.framework */; };
		346D5E021AE5F9C700F858E7 /* CalendarDetails.swift in Sources */ = {isa = PBXBuildFile; fileRef = 346D5E011AE5F9C700F858E7 /* CalendarDetails.swift */; };
		346D5E031AE5F9C700F858E7 /* CalendarDetails.swift in Sources */ = {isa = PBXBuildFile; fileRef = 346D5E011AE5F9C700F858E7 /* CalendarDetails.swift */; };
		347518D91AE35FFC00FF1C46 /* EvesCRMSharedFiles.swift in Sources */ = {isa = PBXBuildFile; fileRef = 347518D81AE35FFC00FF1C46 /* EvesCRMSharedFiles.swift */; };
		347518DC1AE3635100FF1C46 /* EvesCRMSharedFiles.swift in Sources */ = {isa = PBXBuildFile; fileRef = 347518D81AE35FFC00FF1C46 /* EvesCRMSharedFiles.swift */; };
		348E6D4B1ADF74C800697268 /* ContactDetails.swift in Sources */ = {isa = PBXBuildFile; fileRef = 348E6D4A1ADF74C800697268 /* ContactDetails.swift */; };
		348E6D4C1ADF74C800697268 /* ContactDetails.swift in Sources */ = {isa = PBXBuildFile; fileRef = 348E6D4A1ADF74C800697268 /* ContactDetails.swift */; };
/* End PBXBuildFile section */

/* Begin PBXContainerItemProxy section */
		3406507E1ADDF8FF00C90CBB /* PBXContainerItemProxy */ = {
			isa = PBXContainerItemProxy;
			containerPortal = 3406505D1ADDF8FF00C90CBB /* Project object */;
			proxyType = 1;
			remoteGlobalIDString = 340650641ADDF8FF00C90CBB;
			remoteInfo = EvesCRM;
		};
/* End PBXContainerItemProxy section */

/* Begin PBXFileReference section */
		340650651ADDF8FF00C90CBB /* EvesCRM.app */ = {isa = PBXFileReference; explicitFileType = wrapper.application; includeInIndex = 0; path = EvesCRM.app; sourceTree = BUILT_PRODUCTS_DIR; };
		340650691ADDF8FF00C90CBB /* Info.plist */ = {isa = PBXFileReference; lastKnownFileType = text.plist.xml; path = Info.plist; sourceTree = "<group>"; };
		3406506A1ADDF8FF00C90CBB /* AppDelegate.swift */ = {isa = PBXFileReference; lastKnownFileType = sourcecode.swift; path = AppDelegate.swift; sourceTree = "<group>"; };
		3406506D1ADDF8FF00C90CBB /* EvesCRM.xcdatamodel */ = {isa = PBXFileReference; lastKnownFileType = wrapper.xcdatamodel; path = EvesCRM.xcdatamodel; sourceTree = "<group>"; };
		3406506F1ADDF8FF00C90CBB /* ViewController.swift */ = {isa = PBXFileReference; lastKnownFileType = sourcecode.swift; path = ViewController.swift; sourceTree = "<group>"; };
		340650721ADDF8FF00C90CBB /* Base */ = {isa = PBXFileReference; lastKnownFileType = file.storyboard; name = Base; path = Base.lproj/Main.storyboard; sourceTree = "<group>"; };
		340650741ADDF8FF00C90CBB /* Images.xcassets */ = {isa = PBXFileReference; lastKnownFileType = folder.assetcatalog; path = Images.xcassets; sourceTree = "<group>"; };
		340650771ADDF8FF00C90CBB /* Base */ = {isa = PBXFileReference; lastKnownFileType = file.xib; name = Base; path = Base.lproj/LaunchScreen.xib; sourceTree = "<group>"; };
		3406507D1ADDF8FF00C90CBB /* EvesCRMTests.xctest */ = {isa = PBXFileReference; explicitFileType = wrapper.cfbundle; includeInIndex = 0; path = EvesCRMTests.xctest; sourceTree = BUILT_PRODUCTS_DIR; };
		340650821ADDF8FF00C90CBB /* Info.plist */ = {isa = PBXFileReference; lastKnownFileType = text.plist.xml; path = Info.plist; sourceTree = "<group>"; };
		340650831ADDF8FF00C90CBB /* EvesCRMTests.swift */ = {isa = PBXFileReference; lastKnownFileType = sourcecode.swift; path = EvesCRMTests.swift; sourceTree = "<group>"; };
		3406508D1ADDF93600C90CBB /* AddressBook.framework */ = {isa = PBXFileReference; lastKnownFileType = wrapper.framework; name = AddressBook.framework; path = System/Library/Frameworks/AddressBook.framework; sourceTree = SDKROOT; };
		3406508E1ADDF93600C90CBB /* AddressBookUI.framework */ = {isa = PBXFileReference; lastKnownFileType = wrapper.framework; name = AddressBookUI.framework; path = System/Library/Frameworks/AddressBookUI.framework; sourceTree = SDKROOT; };
		346D5E011AE5F9C700F858E7 /* CalendarDetails.swift */ = {isa = PBXFileReference; fileEncoding = 4; lastKnownFileType = sourcecode.swift; path = CalendarDetails.swift; sourceTree = "<group>"; };
		347518D81AE35FFC00FF1C46 /* EvesCRMSharedFiles.swift */ = {isa = PBXFileReference; fileEncoding = 4; lastKnownFileType = sourcecode.swift; path = EvesCRMSharedFiles.swift; sourceTree = "<group>"; };
		348E6D4A1ADF74C800697268 /* ContactDetails.swift */ = {isa = PBXFileReference; fileEncoding = 4; lastKnownFileType = sourcecode.swift; path = ContactDetails.swift; sourceTree = "<group>"; };
/* End PBXFileReference section */

/* Begin PBXFrameworksBuildPhase section */
		340650621ADDF8FF00C90CBB /* Frameworks */ = {
			isa = PBXFrameworksBuildPhase;
			buildActionMask = 2147483647;
			files = (
				3406508F1ADDF93600C90CBB /* AddressBook.framework in Frameworks */,
				340650901ADDF93600C90CBB /* AddressBookUI.framework in Frameworks */,
			);
			runOnlyForDeploymentPostprocessing = 0;
		};
		3406507A1ADDF8FF00C90CBB /* Frameworks */ = {
			isa = PBXFrameworksBuildPhase;
			buildActionMask = 2147483647;
			files = (
			);
			runOnlyForDeploymentPostprocessing = 0;
		};
/* End PBXFrameworksBuildPhase section */

/* Begin PBXGroup section */
		3406505C1ADDF8FF00C90CBB = {
			isa = PBXGroup;
			children = (
				3406508D1ADDF93600C90CBB /* AddressBook.framework */,
				3406508E1ADDF93600C90CBB /* AddressBookUI.framework */,
				340650671ADDF8FF00C90CBB /* EvesCRM */,
				340650801ADDF8FF00C90CBB /* EvesCRMTests */,
				340650661ADDF8FF00C90CBB /* Products */,
			);
			sourceTree = "<group>";
		};
		340650661ADDF8FF00C90CBB /* Products */ = {
			isa = PBXGroup;
			children = (
				340650651ADDF8FF00C90CBB /* EvesCRM.app */,
				3406507D1ADDF8FF00C90CBB /* EvesCRMTests.xctest */,
			);
			name = Products;
			sourceTree = "<group>";
		};
		340650671ADDF8FF00C90CBB /* EvesCRM */ = {
			isa = PBXGroup;
			children = (
				3406506A1ADDF8FF00C90CBB /* AppDelegate.swift */,
				3406506F1ADDF8FF00C90CBB /* ViewController.swift */,
				340650711ADDF8FF00C90CBB /* Main.storyboard */,
				340650741ADDF8FF00C90CBB /* Images.xcassets */,
				340650761ADDF8FF00C90CBB /* LaunchScreen.xib */,
				3406506C1ADDF8FF00C90CBB /* EvesCRM.xcdatamodeld */,
				340650681ADDF8FF00C90CBB /* Supporting Files */,
				348E6D4A1ADF74C800697268 /* ContactDetails.swift */,
				347518D81AE35FFC00FF1C46 /* EvesCRMSharedFiles.swift */,
				346D5E011AE5F9C700F858E7 /* CalendarDetails.swift */,
			);
			path = EvesCRM;
			sourceTree = "<group>";
		};
		340650681ADDF8FF00C90CBB /* Supporting Files */ = {
			isa = PBXGroup;
			children = (
				340650691ADDF8FF00C90CBB /* Info.plist */,
			);
			name = "Supporting Files";
			sourceTree = "<group>";
		};
		340650801ADDF8FF00C90CBB /* EvesCRMTests */ = {
			isa = PBXGroup;
			children = (
				340650831ADDF8FF00C90CBB /* EvesCRMTests.swift */,
				340650811ADDF8FF00C90CBB /* Supporting Files */,
			);
			path = EvesCRMTests;
			sourceTree = "<group>";
		};
		340650811ADDF8FF00C90CBB /* Supporting Files */ = {
			isa = PBXGroup;
			children = (
				340650821ADDF8FF00C90CBB /* Info.plist */,
			);
			name = "Supporting Files";
			sourceTree = "<group>";
		};
/* End PBXGroup section */

/* Begin PBXNativeTarget section */
		340650641ADDF8FF00C90CBB /* EvesCRM */ = {
			isa = PBXNativeTarget;
			buildConfigurationList = 340650871ADDF8FF00C90CBB /* Build configuration list for PBXNativeTarget "EvesCRM" */;
			buildPhases = (
				340650611ADDF8FF00C90CBB /* Sources */,
				340650621ADDF8FF00C90CBB /* Frameworks */,
				340650631ADDF8FF00C90CBB /* Resources */,
			);
			buildRules = (
			);
			dependencies = (
			);
			name = EvesCRM;
			productName = EvesCRM;
			productReference = 340650651ADDF8FF00C90CBB /* EvesCRM.app */;
			productType = "com.apple.product-type.application";
		};
		3406507C1ADDF8FF00C90CBB /* EvesCRMTests */ = {
			isa = PBXNativeTarget;
			buildConfigurationList = 3406508A1ADDF8FF00C90CBB /* Build configuration list for PBXNativeTarget "EvesCRMTests" */;
			buildPhases = (
				340650791ADDF8FF00C90CBB /* Sources */,
				3406507A1ADDF8FF00C90CBB /* Frameworks */,
				3406507B1ADDF8FF00C90CBB /* Resources */,
			);
			buildRules = (
			);
			dependencies = (
				3406507F1ADDF8FF00C90CBB /* PBXTargetDependency */,
			);
			name = EvesCRMTests;
			productName = EvesCRMTests;
			productReference = 3406507D1ADDF8FF00C90CBB /* EvesCRMTests.xctest */;
			productType = "com.apple.product-type.bundle.unit-test";
		};
/* End PBXNativeTarget section */

/* Begin PBXProject section */
		3406505D1ADDF8FF00C90CBB /* Project object */ = {
			isa = PBXProject;
			attributes = {
				LastUpgradeCheck = 0630;
				ORGANIZATIONNAME = "Garry Eves";
				TargetAttributes = {
					340650641ADDF8FF00C90CBB = {
						CreatedOnToolsVersion = 6.3;
						DevelopmentTeam = 76YDDNPU7W;
					};
					3406507C1ADDF8FF00C90CBB = {
						CreatedOnToolsVersion = 6.3;
						TestTargetID = 340650641ADDF8FF00C90CBB;
					};
				};
			};
			buildConfigurationList = 340650601ADDF8FF00C90CBB /* Build configuration list for PBXProject "Contacts Dashboard" */;
			compatibilityVersion = "Xcode 3.2";
			developmentRegion = English;
			hasScannedForEncodings = 0;
			knownRegions = (
				en,
				Base,
			);
			mainGroup = 3406505C1ADDF8FF00C90CBB;
			productRefGroup = 340650661ADDF8FF00C90CBB /* Products */;
			projectDirPath = "";
			projectRoot = "";
			targets = (
				340650641ADDF8FF00C90CBB /* EvesCRM */,
				3406507C1ADDF8FF00C90CBB /* EvesCRMTests */,
			);
		};
/* End PBXProject section */

/* Begin PBXResourcesBuildPhase section */
		340650631ADDF8FF00C90CBB /* Resources */ = {
			isa = PBXResourcesBuildPhase;
			buildActionMask = 2147483647;
			files = (
				340650731ADDF8FF00C90CBB /* Main.storyboard in Resources */,
				340650781ADDF8FF00C90CBB /* LaunchScreen.xib in Resources */,
				340650751ADDF8FF00C90CBB /* Images.xcassets in Resources */,
			);
			runOnlyForDeploymentPostprocessing = 0;
		};
		3406507B1ADDF8FF00C90CBB /* Resources */ = {
			isa = PBXResourcesBuildPhase;
			buildActionMask = 2147483647;
			files = (
			);
			runOnlyForDeploymentPostprocessing = 0;
		};
/* End PBXResourcesBuildPhase section */

/* Begin PBXSourcesBuildPhase section */
		340650611ADDF8FF00C90CBB /* Sources */ = {
			isa = PBXSourcesBuildPhase;
			buildActionMask = 2147483647;
			files = (
				346D5E021AE5F9C700F858E7 /* CalendarDetails.swift in Sources */,
				347518D91AE35FFC00FF1C46 /* EvesCRMSharedFiles.swift in Sources */,
				340650701ADDF8FF00C90CBB /* ViewController.swift in Sources */,
				348E6D4B1ADF74C800697268 /* ContactDetails.swift in Sources */,
				3406506B1ADDF8FF00C90CBB /* AppDelegate.swift in Sources */,
				3406506E1ADDF8FF00C90CBB /* EvesCRM.xcdatamodeld in Sources */,
			);
			runOnlyForDeploymentPostprocessing = 0;
		};
		340650791ADDF8FF00C90CBB /* Sources */ = {
			isa = PBXSourcesBuildPhase;
			buildActionMask = 2147483647;
			files = (
				346D5E031AE5F9C700F858E7 /* CalendarDetails.swift in Sources */,
				347518DC1AE3635100FF1C46 /* EvesCRMSharedFiles.swift in Sources */,
				340650841ADDF8FF00C90CBB /* EvesCRMTests.swift in Sources */,
				348E6D4C1ADF74C800697268 /* ContactDetails.swift in Sources */,
			);
			runOnlyForDeploymentPostprocessing = 0;
		};
/* End PBXSourcesBuildPhase section */

/* Begin PBXTargetDependency section */
		3406507F1ADDF8FF00C90CBB /* PBXTargetDependency */ = {
			isa = PBXTargetDependency;
			target = 340650641ADDF8FF00C90CBB /* EvesCRM */;
			targetProxy = 3406507E1ADDF8FF00C90CBB /* PBXContainerItemProxy */;
		};
/* End PBXTargetDependency section */

/* Begin PBXVariantGroup section */
		340650711ADDF8FF00C90CBB /* Main.storyboard */ = {
			isa = PBXVariantGroup;
			children = (
				340650721ADDF8FF00C90CBB /* Base */,
			);
			name = Main.storyboard;
			sourceTree = "<group>";
		};
		340650761ADDF8FF00C90CBB /* LaunchScreen.xib */ = {
			isa = PBXVariantGroup;
			children = (
				340650771ADDF8FF00C90CBB /* Base */,
			);
			name = LaunchScreen.xib;
			sourceTree = "<group>";
		};
/* End PBXVariantGroup section */

/* Begin XCBuildConfiguration section */
		340650851ADDF8FF00C90CBB /* Debug */ = {
			isa = XCBuildConfiguration;
			buildSettings = {
				ALWAYS_SEARCH_USER_PATHS = NO;
				CLANG_CXX_LANGUAGE_STANDARD = "gnu++0x";
				CLANG_CXX_LIBRARY = "libc++";
				CLANG_ENABLE_MODULES = YES;
				CLANG_ENABLE_OBJC_ARC = YES;
				CLANG_WARN_BOOL_CONVERSION = YES;
				CLANG_WARN_CONSTANT_CONVERSION = YES;
				CLANG_WARN_DIRECT_OBJC_ISA_USAGE = YES_ERROR;
				CLANG_WARN_EMPTY_BODY = YES;
				CLANG_WARN_ENUM_CONVERSION = YES;
				CLANG_WARN_INT_CONVERSION = YES;
				CLANG_WARN_OBJC_ROOT_CLASS = YES_ERROR;
				CLANG_WARN_UNREACHABLE_CODE = YES;
				CLANG_WARN__DUPLICATE_METHOD_MATCH = YES;
				"CODE_SIGN_IDENTITY[sdk=iphoneos*]" = "iPhone Developer";
				COPY_PHASE_STRIP = NO;
				DEBUG_INFORMATION_FORMAT = "dwarf-with-dsym";
				ENABLE_STRICT_OBJC_MSGSEND = YES;
				GCC_C_LANGUAGE_STANDARD = gnu99;
				GCC_DYNAMIC_NO_PIC = NO;
				GCC_NO_COMMON_BLOCKS = YES;
				GCC_OPTIMIZATION_LEVEL = 0;
				GCC_PREPROCESSOR_DEFINITIONS = (
					"DEBUG=1",
					"$(inherited)",
				);
				GCC_SYMBOLS_PRIVATE_EXTERN = NO;
				GCC_WARN_64_TO_32_BIT_CONVERSION = YES;
				GCC_WARN_ABOUT_RETURN_TYPE = YES_ERROR;
				GCC_WARN_UNDECLARED_SELECTOR = YES;
				GCC_WARN_UNINITIALIZED_AUTOS = YES_AGGRESSIVE;
				GCC_WARN_UNUSED_FUNCTION = YES;
				GCC_WARN_UNUSED_VARIABLE = YES;
				IPHONEOS_DEPLOYMENT_TARGET = 8.0;
				MTL_ENABLE_DEBUG_INFO = YES;
				ONLY_ACTIVE_ARCH = YES;
				SDKROOT = iphoneos;
				SWIFT_OPTIMIZATION_LEVEL = "-Onone";
				TARGETED_DEVICE_FAMILY = "1,2";
			};
			name = Debug;
		};
		340650861ADDF8FF00C90CBB /* Release */ = {
			isa = XCBuildConfiguration;
			buildSettings = {
				ALWAYS_SEARCH_USER_PATHS = NO;
				CLANG_CXX_LANGUAGE_STANDARD = "gnu++0x";
				CLANG_CXX_LIBRARY = "libc++";
				CLANG_ENABLE_MODULES = YES;
				CLANG_ENABLE_OBJC_ARC = YES;
				CLANG_WARN_BOOL_CONVERSION = YES;
				CLANG_WARN_CONSTANT_CONVERSION = YES;
				CLANG_WARN_DIRECT_OBJC_ISA_USAGE = YES_ERROR;
				CLANG_WARN_EMPTY_BODY = YES;
				CLANG_WARN_ENUM_CONVERSION = YES;
				CLANG_WARN_INT_CONVERSION = YES;
				CLANG_WARN_OBJC_ROOT_CLASS = YES_ERROR;
				CLANG_WARN_UNREACHABLE_CODE = YES;
				CLANG_WARN__DUPLICATE_METHOD_MATCH = YES;
				"CODE_SIGN_IDENTITY[sdk=iphoneos*]" = "iPhone Developer";
				COPY_PHASE_STRIP = NO;
				DEBUG_INFORMATION_FORMAT = "dwarf-with-dsym";
				ENABLE_NS_ASSERTIONS = NO;
				ENABLE_STRICT_OBJC_MSGSEND = YES;
				GCC_C_LANGUAGE_STANDARD = gnu99;
				GCC_NO_COMMON_BLOCKS = YES;
				GCC_WARN_64_TO_32_BIT_CONVERSION = YES;
				GCC_WARN_ABOUT_RETURN_TYPE = YES_ERROR;
				GCC_WARN_UNDECLARED_SELECTOR = YES;
				GCC_WARN_UNINITIALIZED_AUTOS = YES_AGGRESSIVE;
				GCC_WARN_UNUSED_FUNCTION = YES;
				GCC_WARN_UNUSED_VARIABLE = YES;
				IPHONEOS_DEPLOYMENT_TARGET = 8.0;
				MTL_ENABLE_DEBUG_INFO = NO;
				SDKROOT = iphoneos;
				TARGETED_DEVICE_FAMILY = "1,2";
				VALIDATE_PRODUCT = YES;
			};
			name = Release;
		};
		340650881ADDF8FF00C90CBB /* Debug */ = {
			isa = XCBuildConfiguration;
			buildSettings = {
				ASSETCATALOG_COMPILER_APPICON_NAME = AppIcon;
				CODE_SIGN_IDENTITY = "iPhone Developer";
				INFOPLIST_FILE = EvesCRM/Info.plist;
				LD_RUNPATH_SEARCH_PATHS = "$(inherited) @executable_path/Frameworks";
				PRODUCT_NAME = "$(TARGET_NAME)";
				TARGETED_DEVICE_FAMILY = "1,2";
			};
			name = Debug;
		};
		340650891ADDF8FF00C90CBB /* Release */ = {
			isa = XCBuildConfiguration;
			buildSettings = {
				ASSETCATALOG_COMPILER_APPICON_NAME = AppIcon;
				CODE_SIGN_IDENTITY = "iPhone Developer";
				INFOPLIST_FILE = EvesCRM/Info.plist;
				LD_RUNPATH_SEARCH_PATHS = "$(inherited) @executable_path/Frameworks";
				PRODUCT_NAME = "$(TARGET_NAME)";
				TARGETED_DEVICE_FAMILY = "1,2";
			};
			name = Release;
		};
		3406508B1ADDF8FF00C90CBB /* Debug */ = {
			isa = XCBuildConfiguration;
			buildSettings = {
				BUNDLE_LOADER = "$(TEST_HOST)";
				FRAMEWORK_SEARCH_PATHS = (
					"$(SDKROOT)/Developer/Library/Frameworks",
					"$(inherited)",
				);
				GCC_PREPROCESSOR_DEFINITIONS = (
					"DEBUG=1",
					"$(inherited)",
				);
				INFOPLIST_FILE = EvesCRMTests/Info.plist;
				LD_RUNPATH_SEARCH_PATHS = "$(inherited) @executable_path/Frameworks @loader_path/Frameworks";
				PRODUCT_NAME = "$(TARGET_NAME)";
				TEST_HOST = "$(BUILT_PRODUCTS_DIR)/EvesCRM.app/EvesCRM";
			};
			name = Debug;
		};
		3406508C1ADDF8FF00C90CBB /* Release */ = {
			isa = XCBuildConfiguration;
			buildSettings = {
				BUNDLE_LOADER = "$(TEST_HOST)";
				FRAMEWORK_SEARCH_PATHS = (
					"$(SDKROOT)/Developer/Library/Frameworks",
					"$(inherited)",
				);
				INFOPLIST_FILE = EvesCRMTests/Info.plist;
				LD_RUNPATH_SEARCH_PATHS = "$(inherited) @executable_path/Frameworks @loader_path/Frameworks";
				PRODUCT_NAME = "$(TARGET_NAME)";
				TEST_HOST = "$(BUILT_PRODUCTS_DIR)/EvesCRM.app/EvesCRM";
			};
			name = Release;
		};
/* End XCBuildConfiguration section */

/* Begin XCConfigurationList section */
		340650601ADDF8FF00C90CBB /* Build configuration list for PBXProject "Contacts Dashboard" */ = {
			isa = XCConfigurationList;
			buildConfigurations = (
				340650851ADDF8FF00C90CBB /* Debug */,
				340650861ADDF8FF00C90CBB /* Release */,
			);
			defaultConfigurationIsVisible = 0;
			defaultConfigurationName = Release;
		};
		340650871ADDF8FF00C90CBB /* Build configuration list for PBXNativeTarget "EvesCRM" */ = {
			isa = XCConfigurationList;
			buildConfigurations = (
				340650881ADDF8FF00C90CBB /* Debug */,
				340650891ADDF8FF00C90CBB /* Release */,
			);
			defaultConfigurationIsVisible = 0;
			defaultConfigurationName = Release;
		};
		3406508A1ADDF8FF00C90CBB /* Build configuration list for PBXNativeTarget "EvesCRMTests" */ = {
			isa = XCConfigurationList;
			buildConfigurations = (
				3406508B1ADDF8FF00C90CBB /* Debug */,
				3406508C1ADDF8FF00C90CBB /* Release */,
			);
			defaultConfigurationIsVisible = 0;
			defaultConfigurationName = Release;
		};
/* End XCConfigurationList section */

/* Begin XCVersionGroup section */
		3406506C1ADDF8FF00C90CBB /* EvesCRM.xcdatamodeld */ = {
			isa = XCVersionGroup;
			children = (
				3406506D1ADDF8FF00C90CBB /* EvesCRM.xcdatamodel */,
			);
			currentVersion = 3406506D1ADDF8FF00C90CBB /* EvesCRM.xcdatamodel */;
			path = EvesCRM.xcdatamodeld;
			sourceTree = "<group>";
			versionGroupType = wrapper.xcdatamodel;
		};
/* End XCVersionGroup section */
	};
	rootObject = 3406505D1ADDF8FF00C90CBB /* Project object */;
}
